<?xml version="1.0" encoding="utf-8"?>
<Project ToolsVersion="4.0" xmlns="http://schemas.microsoft.com/developer/msbuild/2003">
  <ItemGroup>
    <Filter Include="Source Files">
      <UniqueIdentifier>{4FC737F1-C7A5-4376-A066-2A32D752A2FF}</UniqueIdentifier>
      <Extensions>cpp;c;cc;cxx;def;odl;idl;hpj;bat;asm;asmx</Extensions>
    </Filter>
    <Filter Include="Header Files">
      <UniqueIdentifier>{93995380-89BD-4b04-88EB-625FBE52EBFB}</UniqueIdentifier>
      <Extensions>h;hh;hpp;hxx;hm;inl;inc;ipp;xsd</Extensions>
    </Filter>
    <Filter Include="Resource Files">
      <UniqueIdentifier>{67DA6AB6-F800-4c08-8B7A-83BB121AAD01}</UniqueIdentifier>
      <Extensions>rc;ico;cur;bmp;dlg;rc2;rct;bin;rgs;gif;jpg;jpeg;jpe;resx;tiff;tif;png;wav;mfcribbon-ms</Extensions>
    </Filter>
    <Filter Include="Common">
      <UniqueIdentifier>{676987e2-ed9b-4d06-8de7-85e675756646}</UniqueIdentifier>
    </Filter>
    <Filter Include="Common\Header Files">
      <UniqueIdentifier>{f7b60fae-7cac-41ea-b132-63b75f6cff10}</UniqueIdentifier>
    </Filter>
    <Filter Include="Common\Source Files">
      <UniqueIdentifier>{95047e0d-4f78-4a1d-886b-bec0ff726878}</UniqueIdentifier>
    </Filter>
    <Filter Include="XUSG">
      <UniqueIdentifier>{628b6e87-bf48-47ec-94c0-736e03d30b61}</UniqueIdentifier>
    </Filter>
    <Filter Include="Shaders">
      <UniqueIdentifier>{c6cbf730-3a04-4e8f-9fa2-94d7d2145f9b}</UniqueIdentifier>
    </Filter>
    <Filter Include="Shaders\Simulation">
      <UniqueIdentifier>{714fc0ee-cb60-45fa-b4d4-0dd1b1e9c86d}</UniqueIdentifier>
    </Filter>
    <Filter Include="Shaders\Rendering">
      <UniqueIdentifier>{d5948538-5a6c-4355-be97-873963b1f36a}</UniqueIdentifier>
    </Filter>
    <Filter Include="XUSG\Shaders">
      <UniqueIdentifier>{d93c3c8e-350a-4443-af61-282185502566}</UniqueIdentifier>
    </Filter>
    <Filter Include="XUSG\Shaders\SHMath">
      <UniqueIdentifier>{48436bf4-1f06-42d1-8a0a-e5ebb2a18402}</UniqueIdentifier>
    </Filter>
  </ItemGroup>
  <ItemGroup>
    <ClInclude Include="Common\DXFramework.h">
      <Filter>Common\Header Files</Filter>
    </ClInclude>
    <ClInclude Include="Common\DXFrameworkHelper.h">
      <Filter>Common\Header Files</Filter>
    </ClInclude>
    <ClInclude Include="Common\StepTimer.h">
      <Filter>Common\Header Files</Filter>
    </ClInclude>
    <ClInclude Include="Common\Win32Application.h">
      <Filter>Common\Header Files</Filter>
    </ClInclude>
    <ClInclude Include="stdafx.h">
      <Filter>Header Files</Filter>
    </ClInclude>
    <ClInclude Include="Content\Fluid.h">
      <Filter>Header Files</Filter>
    </ClInclude>
    <ClInclude Include="FluidX12.h">
      <Filter>Header Files</Filter>
    </ClInclude>
    <ClInclude Include="Common\d3d12.h">
      <Filter>Common\Header Files</Filter>
    </ClInclude>
    <ClInclude Include="Content\LightProbe.h">
      <Filter>Header Files</Filter>
    </ClInclude>
    <ClInclude Include="XUSG\Core\XUSG.h">
      <Filter>XUSG</Filter>
    </ClInclude>
    <ClInclude Include="Content\SharedConsts.h">
      <Filter>Header Files</Filter>
    </ClInclude>
    <ClInclude Include="XUSG\Advanced\XUSGDDSLoader.h">
      <Filter>XUSG</Filter>
    </ClInclude>
    <ClInclude Include="XUSG\Advanced\XUSGSphericalHarmonics.h">
      <Filter>XUSG</Filter>
    </ClInclude>
    <ClInclude Include="Common\d3dcommon.h">
      <Filter>Common\Header Files</Filter>
    </ClInclude>
    <ClInclude Include="Common\dxgicommon.h">
      <Filter>Common\Header Files</Filter>
    </ClInclude>
    <ClInclude Include="Common\dxgiformat.h">
      <Filter>Common\Header Files</Filter>
    </ClInclude>
    <ClInclude Include="XUSG\Helper\XUSG-EZ.h">
      <Filter>XUSG</Filter>
    </ClInclude>
    <ClInclude Include="Content\FluidEZ.h">
      <Filter>Header Files</Filter>
    </ClInclude>
    <ClInclude Include="XUSG\Advanced\XUSGSHSharedConsts.h">
      <Filter>XUSG</Filter>
    </ClInclude>
    <ClInclude Include="Content\LightProbeEZ.h">
      <Filter>Header Files</Filter>
    </ClInclude>
    <ClInclude Include="Common\stb_image_write.h">
      <Filter>Common\Header Files</Filter>
    </ClInclude>
  </ItemGroup>
  <ItemGroup>
    <ClCompile Include="Common\DXFramework.cpp">
      <Filter>Common\Source Files</Filter>
    </ClCompile>
    <ClCompile Include="Common\Win32Application.cpp">
      <Filter>Common\Source Files</Filter>
    </ClCompile>
    <ClCompile Include="stdafx.cpp">
      <Filter>Source Files</Filter>
    </ClCompile>
    <ClCompile Include="Main.cpp">
      <Filter>Source Files</Filter>
    </ClCompile>
    <ClCompile Include="Content\Fluid.cpp">
      <Filter>Source Files</Filter>
    </ClCompile>
    <ClCompile Include="FluidX12.cpp">
      <Filter>Source Files</Filter>
    </ClCompile>
    <ClCompile Include="Content\LightProbe.cpp">
      <Filter>Source Files</Filter>
    </ClCompile>
    <ClCompile Include="Content\FluidEZ.cpp">
      <Filter>Source Files</Filter>
    </ClCompile>
    <ClCompile Include="Content\LightProbeEZ.cpp">
      <Filter>Source Files</Filter>
    </ClCompile>
  </ItemGroup>
  <ItemGroup>
    <None Include="Content\Shaders\CSPoisson.hlsli">
      <Filter>Shaders\Simulation</Filter>
    </None>
    <None Include="Content\Shaders\Impulse.hlsli">
      <Filter>Shaders\Simulation</Filter>
    </None>
    <None Include="Content\Shaders\Common.hlsli">
      <Filter>Shaders\Rendering</Filter>
    </None>
    <None Include="Content\Shaders\RayMarch.hlsli">
      <Filter>Shaders\Rendering</Filter>
    </None>
    <None Include="Content\Shaders\Simulation.hlsli">
      <Filter>Shaders\Simulation</Filter>
    </None>
    <None Include="Content\Shaders\PSCube.hlsli">
      <Filter>Shaders\Rendering</Filter>
    </None>
    <None Include="XUSG\Shaders\SHIrradiance.hlsli">
      <Filter>XUSG\Shaders\SHMath</Filter>
    </None>
    <None Include="XUSG\Shaders\SHIrradianceTypeless.hlsli">
      <Filter>XUSG\Shaders\SHMath</Filter>
    </None>
    <None Include="XUSG\Shaders\CSWaveOp.hlsli">
      <Filter>XUSG\Shaders\SHMath</Filter>
    </None>
    <None Include="XUSG\Shaders\CubeMap.hlsli">
      <Filter>XUSG\Shaders\SHMath</Filter>
    </None>
    <None Include="XUSG\Shaders\SHMath.hlsli">
      <Filter>XUSG\Shaders\SHMath</Filter>
    </None>
    <None Include="XUSG\Shaders\WaveOpTypeless.hlsli">
      <Filter>XUSG\Shaders\SHMath</Filter>
    </None>
  </ItemGroup>
  <ItemGroup>
    <FxCompile Include="Content\Shaders\CSAdvect.hlsl">
      <Filter>Shaders\Simulation</Filter>
    </FxCompile>
    <FxCompile Include="Content\Shaders\CSProject2D.hlsl">
      <Filter>Shaders\Simulation</Filter>
    </FxCompile>
    <FxCompile Include="Content\Shaders\CSProject3D.hlsl">
      <Filter>Shaders\Simulation</Filter>
    </FxCompile>
    <FxCompile Include="Content\Shaders\PSRayCast.hlsl">
      <Filter>Shaders\Rendering</Filter>
    </FxCompile>
    <FxCompile Include="Content\Shaders\PSVisualizeColor.hlsl">
      <Filter>Shaders\Rendering</Filter>
    </FxCompile>
    <FxCompile Include="Content\Shaders\VSScreenQuad.hlsl">
      <Filter>Shaders\Rendering</Filter>
    </FxCompile>
    <FxCompile Include="Content\Shaders\PSRayCastV.hlsl">
      <Filter>Shaders\Rendering</Filter>
    </FxCompile>
    <FxCompile Include="Content\Shaders\CSRayMarchL.hlsl">
      <Filter>Shaders\Rendering</Filter>
    </FxCompile>
    <FxCompile Include="Content\Shaders\CSRayMarch.hlsl">
      <Filter>Shaders\Rendering</Filter>
    </FxCompile>
    <FxCompile Include="Content\Shaders\CSRayMarchV.hlsl">
      <Filter>Shaders\Rendering</Filter>
    </FxCompile>
    <FxCompile Include="Content\Shaders\PSEnvironment.hlsl">
      <Filter>Shaders\Rendering</Filter>
    </FxCompile>
    <FxCompile Include="Content\Shaders\PSRayCastCube.hlsl">
      <Filter>Shaders\Rendering</Filter>
    </FxCompile>
    <FxCompile Include="Content\Shaders\VSCube.hlsl">
      <Filter>Shaders\Rendering</Filter>
    </FxCompile>
    <FxCompile Include="Content\Shaders\PSCube.hlsl">
      <Filter>Shaders\Rendering</Filter>
    </FxCompile>
    <FxCompile Include="XUSG\Shaders\CSSHCubeMap.hlsl">
      <Filter>XUSG\Shaders\SHMath</Filter>
    </FxCompile>
    <FxCompile Include="XUSG\Shaders\CSSHNormalize.hlsl">
      <Filter>XUSG\Shaders\SHMath</Filter>
    </FxCompile>
    <FxCompile Include="XUSG\Shaders\CSSHSum.hlsl">
      <Filter>XUSG\Shaders\SHMath</Filter>
    </FxCompile>
  </ItemGroup>
</Project>